<?xml version="1.0" encoding="utf-8"?>
<Project ToolsVersion="4.0" xmlns="http://schemas.microsoft.com/developer/msbuild/2003">
  <ItemGroup>
    <Filter Include="소스 파일">
      <UniqueIdentifier>{4FC737F1-C7A5-4376-A066-2A32D752A2FF}</UniqueIdentifier>
      <Extensions>cpp;c;cc;cxx;c++;cppm;ixx;def;odl;idl;hpj;bat;asm;asmx</Extensions>
    </Filter>
    <Filter Include="헤더 파일">
      <UniqueIdentifier>{93995380-89BD-4b04-88EB-625FBE52EBFB}</UniqueIdentifier>
      <Extensions>h;hh;hpp;hxx;h++;hm;inl;inc;ipp;xsd</Extensions>
    </Filter>
    <Filter Include="리소스 파일">
      <UniqueIdentifier>{67DA6AB6-F800-4c08-8B7A-83BB121AAD01}</UniqueIdentifier>
      <Extensions>rc;ico;cur;bmp;dlg;rc2;rct;bin;rgs;gif;jpg;jpeg;jpe;resx;tiff;tif;png;wav;mfcribbon-ms</Extensions>
    </Filter>
    <Filter Include="헤더 파일\IOCPLib">
      <UniqueIdentifier>{1f8d7521-f306-40c7-899a-381e2acf9821}</UniqueIdentifier>
    </Filter>
    <Filter Include="헤더 파일\Utilities">
      <UniqueIdentifier>{2d3e89f6-15fb-459e-b9ef-0a678d76f4b9}</UniqueIdentifier>
    </Filter>
    <Filter Include="헤더 파일\Application">
      <UniqueIdentifier>{99458029-4646-4ce1-a2c3-b4f69efedad2}</UniqueIdentifier>
    </Filter>
    <Filter Include="헤더 파일\NetMsg">
      <UniqueIdentifier>{5beaf177-3680-469b-a5d1-2887b7020818}</UniqueIdentifier>
    </Filter>
    <Filter Include="소스 파일\Application">
      <UniqueIdentifier>{5416cdd9-f29e-4c84-a20e-a8d805cec33b}</UniqueIdentifier>
    </Filter>
    <Filter Include="소스 파일\IOCPLib">
      <UniqueIdentifier>{34e62100-8c3e-433e-aa9d-7767d6a2bab8}</UniqueIdentifier>
    </Filter>
    <Filter Include="소스 파일\NetMsg">
      <UniqueIdentifier>{f2a483c9-c38b-4cf9-b4b4-1b84b4268d97}</UniqueIdentifier>
    </Filter>
    <Filter Include="소스 파일\Utilities">
      <UniqueIdentifier>{a95a7ebd-b96c-4a4a-9b1d-ebdb104a8622}</UniqueIdentifier>
    </Filter>
  </ItemGroup>
  <ItemGroup>
    <ClCompile Include="main.cpp">
      <Filter>소스 파일</Filter>
    </ClCompile>
    <ClCompile Include="Job.cpp">
      <Filter>소스 파일\NetMsg</Filter>
    </ClCompile>
    <ClCompile Include="JobFactory.cpp">
      <Filter>소스 파일\NetMsg</Filter>
    </ClCompile>
    <ClCompile Include="IOCPServer.cpp">
      <Filter>소스 파일\IOCPLib</Filter>
    </ClCompile>
    <ClCompile Include="Connection.cpp">
      <Filter>소스 파일\IOCPLib</Filter>
    </ClCompile>
    <ClCompile Include="JobMemoryPool.cpp">
      <Filter>소스 파일\IOCPLib</Filter>
    </ClCompile>
    <ClCompile Include="PacketData.cpp">
      <Filter>소스 파일\IOCPLib</Filter>
    </ClCompile>
    <ClCompile Include="SlideBuffer.cpp">
      <Filter>소스 파일\Utilities</Filter>
    </ClCompile>
    <ClCompile Include="SpinLock.cpp">
      <Filter>소스 파일\Utilities</Filter>
    </ClCompile>
    <ClCompile Include="LogManager.cpp">
      <Filter>소스 파일\Utilities</Filter>
    </ClCompile>
    <ClCompile Include="GameServer.cpp">
      <Filter>소스 파일\Application</Filter>
    </ClCompile>
    <ClCompile Include="PacketPool.cpp">
      <Filter>소스 파일\IOCPLib</Filter>
    </ClCompile>
    <ClCompile Include="UserManager.cpp">
      <Filter>소스 파일\Application</Filter>
    </ClCompile>
    <ClCompile Include="User.cpp">
      <Filter>소스 파일\Application</Filter>
    </ClCompile>
    <ClCompile Include="Zone.cpp">
      <Filter>소스 파일\Application</Filter>
    </ClCompile>
    <ClCompile Include="ZoneManager.cpp">
      <Filter>소스 파일\Application</Filter>
    </ClCompile>
  </ItemGroup>
  <ItemGroup>
    <ClInclude Include="Connection.hpp">
      <Filter>헤더 파일\IOCPLib</Filter>
    </ClInclude>
    <ClInclude Include="Define.hpp">
      <Filter>헤더 파일\IOCPLib</Filter>
    </ClInclude>
    <ClInclude Include="IOCPServer.hpp">
      <Filter>헤더 파일\IOCPLib</Filter>
    </ClInclude>
    <ClInclude Include="PacketData.hpp">
      <Filter>헤더 파일\IOCPLib</Filter>
    </ClInclude>
    <ClInclude Include="SpinLock.hpp">
      <Filter>헤더 파일\Utilities</Filter>
    </ClInclude>
    <ClInclude Include="SlideBuffer.hpp">
      <Filter>헤더 파일\Utilities</Filter>
    </ClInclude>
    <ClInclude Include="LogManager.hpp">
      <Filter>헤더 파일\Utilities</Filter>
    </ClInclude>
    <ClInclude Include="User.hpp">
      <Filter>헤더 파일\Application</Filter>
    </ClInclude>
    <ClInclude Include="UserManager.hpp">
      <Filter>헤더 파일\Application</Filter>
    </ClInclude>
    <ClInclude Include="ZoneManager.hpp">
      <Filter>헤더 파일\Application</Filter>
    </ClInclude>
    <ClInclude Include="Zone.hpp">
      <Filter>헤더 파일\Application</Filter>
    </ClInclude>
    <ClInclude Include="JobMemoryPool.hpp">
      <Filter>헤더 파일\IOCPLib</Filter>
    </ClInclude>
    <ClInclude Include="Job.hpp">
      <Filter>헤더 파일\NetMsg</Filter>
    </ClInclude>
    <ClInclude Include="JobFactory.hpp">
      <Filter>헤더 파일\NetMsg</Filter>
    </ClInclude>
    <ClInclude Include="NetworkMessage.hpp">
      <Filter>헤더 파일\NetMsg</Filter>
    </ClInclude>
    <ClInclude Include="GameServer.hpp">
      <Filter>헤더 파일\Application</Filter>
    </ClInclude>
    <ClInclude Include="PacketPool.hpp">
      <Filter>헤더 파일\IOCPLib</Filter>
    </ClInclude>
  </ItemGroup>
</Project>